
Microsoft Visual Studio Solution File, Format Version 12.00
# Visual Studio 2012
Project("{FAE04EC0-301F-11D3-BF4B-00C04F79EFBC}") = "DevExpress.VideoRent.Wpf", "DevExpress.VideoRent.Wpf\DevExpress.VideoRent.Wpf.csproj", "{DE3AA91B-D8FC-4C1B-A8FD-E84C63C2C89F}"
EndProject
Project("{FAE04EC0-301F-11D3-BF4B-00C04F79EFBC}") = "DevExpress.VideoRent", "DevExpress.VideoRent\DevExpress.VideoRent.csproj", "{64358044-1010-4E3D-A18D-ACB7755C40FA}"
EndProject
Project("{FAE04EC0-301F-11D3-BF4B-00C04F79EFBC}") = "DevExpress.VideoRent.Resources", "DevExpress.VideoRent.Resources\DevExpress.VideoRent.Resources.csproj", "{30E7937A-0651-4865-B8AE-97C2A8D405F8}"
EndProject
Project("{FAE04EC0-301F-11D3-BF4B-00C04F79EFBC}") = "DevExpress.VideoRent.ViewModel", "DevExpress.VideoRent.ViewModel\DevExpress.VideoRent.ViewModel.csproj", "{E2ACD1A2-B73F-466A-8282-101F846ED8FA}"
EndProject
Project("{2150E333-8FDC-42A3-9474-1A3956D46DE8}") = ".nuget", ".nuget", "{625971F4-2151-48D1-A87B-D4307CDF4DA4}"
	ProjectSection(SolutionItems) = preProject
		.nuget\NuGet.Config = .nuget\NuGet.Config
		.nuget\NuGet.exe = .nuget\NuGet.exe
	EndProjectSection
EndProject
Global
	GlobalSection(SolutionConfigurationPlatforms) = preSolution
		Debug|Any CPU = Debug|Any CPU
		Debug|x86 = Debug|x86
		DebugTest|Any CPU = DebugTest|Any CPU
		DebugTest|x86 = DebugTest|x86
		Release|Any CPU = Release|Any CPU
		Release|x86 = Release|x86
	EndGlobalSection
	GlobalSection(ProjectConfigurationPlatforms) = postSolution
		{DE3AA91B-D8FC-4C1B-A8FD-E84C63C2C89F}.Debug|Any CPU.ActiveCfg = Debug|Any CPU
		{DE3AA91B-D8FC-4C1B-A8FD-E84C63C2C89F}.Debug|Any CPU.Build.0 = Debug|Any CPU
		{DE3AA91B-D8FC-4C1B-A8FD-E84C63C2C89F}.Debug|x86.ActiveCfg = Debug|x86
		{DE3AA91B-D8FC-4C1B-A8FD-E84C63C2C89F}.Debug|x86.Build.0 = Debug|x86
		{DE3AA91B-D8FC-4C1B-A8FD-E84C63C2C89F}.DebugTest|Any CPU.ActiveCfg = DebugTest|Any CPU
		{DE3AA91B-D8FC-4C1B-A8FD-E84C63C2C89F}.DebugTest|Any CPU.Build.0 = DebugTest|Any CPU
		{DE3AA91B-D8FC-4C1B-A8FD-E84C63C2C89F}.DebugTest|x86.ActiveCfg = DebugTest|x86
		{DE3AA91B-D8FC-4C1B-A8FD-E84C63C2C89F}.DebugTest|x86.Build.0 = DebugTest|x86
		{DE3AA91B-D8FC-4C1B-A8FD-E84C63C2C89F}.Release|Any CPU.ActiveCfg = Release|Any CPU
		{DE3AA91B-D8FC-4C1B-A8FD-E84C63C2C89F}.Release|Any CPU.Build.0 = Release|Any CPU
		{DE3AA91B-D8FC-4C1B-A8FD-E84C63C2C89F}.Release|x86.ActiveCfg = Release|x86
		{DE3AA91B-D8FC-4C1B-A8FD-E84C63C2C89F}.Release|x86.Build.0 = Release|x86
		{64358044-1010-4E3D-A18D-ACB7755C40FA}.Debug|Any CPU.ActiveCfg = Debug|Any CPU
		{64358044-1010-4E3D-A18D-ACB7755C40FA}.Debug|Any CPU.Build.0 = Debug|Any CPU
		{64358044-1010-4E3D-A18D-ACB7755C40FA}.Debug|x86.ActiveCfg = Debug|x86
		{64358044-1010-4E3D-A18D-ACB7755C40FA}.Debug|x86.Build.0 = Debug|x86
		{64358044-1010-4E3D-A18D-ACB7755C40FA}.DebugTest|Any CPU.ActiveCfg = DebugTest|Any CPU
		{64358044-1010-4E3D-A18D-ACB7755C40FA}.DebugTest|Any CPU.Build.0 = DebugTest|Any CPU
		{64358044-1010-4E3D-A18D-ACB7755C40FA}.DebugTest|x86.ActiveCfg = DebugTest|x86
		{64358044-1010-4E3D-A18D-ACB7755C40FA}.DebugTest|x86.Build.0 = DebugTest|x86
		{64358044-1010-4E3D-A18D-ACB7755C40FA}.Release|Any CPU.ActiveCfg = Release|Any CPU
		{64358044-1010-4E3D-A18D-ACB7755C40FA}.Release|Any CPU.Build.0 = Release|Any CPU
		{64358044-1010-4E3D-A18D-ACB7755C40FA}.Release|x86.ActiveCfg = Release|x86
		{64358044-1010-4E3D-A18D-ACB7755C40FA}.Release|x86.Build.0 = Release|x86
		{30E7937A-0651-4865-B8AE-97C2A8D405F8}.Debug|Any CPU.ActiveCfg = Debug|Any CPU
		{30E7937A-0651-4865-B8AE-97C2A8D405F8}.Debug|Any CPU.Build.0 = Debug|Any CPU
		{30E7937A-0651-4865-B8AE-97C2A8D405F8}.Debug|x86.ActiveCfg = Debug|x86
		{30E7937A-0651-4865-B8AE-97C2A8D405F8}.Debug|x86.Build.0 = Debug|x86
		{30E7937A-0651-4865-B8AE-97C2A8D405F8}.DebugTest|Any CPU.ActiveCfg = Debug|Any CPU
		{30E7937A-0651-4865-B8AE-97C2A8D405F8}.DebugTest|Any CPU.Build.0 = Debug|Any CPU
		{30E7937A-0651-4865-B8AE-97C2A8D405F8}.DebugTest|x86.ActiveCfg = Debug|x86
		{30E7937A-0651-4865-B8AE-97C2A8D405F8}.DebugTest|x86.Build.0 = Debug|x86
		{30E7937A-0651-4865-B8AE-97C2A8D405F8}.Release|Any CPU.ActiveCfg = Release|Any CPU
		{30E7937A-0651-4865-B8AE-97C2A8D405F8}.Release|Any CPU.Build.0 = Release|Any CPU
		{30E7937A-0651-4865-B8AE-97C2A8D405F8}.Release|x86.ActiveCfg = Release|x86
		{30E7937A-0651-4865-B8AE-97C2A8D405F8}.Release|x86.Build.0 = Release|x86
		{E2ACD1A2-B73F-466A-8282-101F846ED8FA}.Debug|Any CPU.ActiveCfg = Debug|Any CPU
		{E2ACD1A2-B73F-466A-8282-101F846ED8FA}.Debug|Any CPU.Build.0 = Debug|Any CPU
		{E2ACD1A2-B73F-466A-8282-101F846ED8FA}.Debug|x86.ActiveCfg = Debug|x86
		{E2ACD1A2-B73F-466A-8282-101F846ED8FA}.Debug|x86.Build.0 = Debug|x86
		{E2ACD1A2-B73F-466A-8282-101F846ED8FA}.DebugTest|Any CPU.ActiveCfg = DebugTest|Any CPU
		{E2ACD1A2-B73F-466A-8282-101F846ED8FA}.DebugTest|Any CPU.Build.0 = DebugTest|Any CPU
		{E2ACD1A2-B73F-466A-8282-101F846ED8FA}.DebugTest|x86.ActiveCfg = DebugTest|x86
		{E2ACD1A2-B73F-466A-8282-101F846ED8FA}.DebugTest|x86.Build.0 = DebugTest|x86
		{E2ACD1A2-B73F-466A-8282-101F846ED8FA}.Release|Any CPU.ActiveCfg = Release|Any CPU
		{E2ACD1A2-B73F-466A-8282-101F846ED8FA}.Release|Any CPU.Build.0 = Release|Any CPU
		{E2ACD1A2-B73F-466A-8282-101F846ED8FA}.Release|x86.ActiveCfg = Release|x86
		{E2ACD1A2-B73F-466A-8282-101F846ED8FA}.Release|x86.Build.0 = Release|x86
	EndGlobalSection
	GlobalSection(SolutionProperties) = preSolution
		HideSolutionNode = FALSE
	EndGlobalSection
EndGlobal
